
Microsoft Visual Studio Solution File, Format Version 12.00
# Visual Studio Version 17
VisualStudioVersion = 17.14.36804.6
MinimumVisualStudioVersion = 10.0.40219.1
Project("{FAE04EC0-301F-11D3-BF4B-00C04F79EFBC}") = "WriteEx", "WriteEx.csproj", "{E25C0770-D6FD-4896-A687-44341B819C6E}"
EndProject
Project("{FAE04EC0-301F-11D3-BF4B-00C04F79EFBC}") = "Program1", "..\Program1\Program1.csproj", "{A050F0E8-9979-40FC-9BBB-57E88FD6F772}"
EndProject
Project("{FAE04EC0-301F-11D3-BF4B-00C04F79EFBC}") = "DoMySelf", "..\DoMySelf\DoMySelf.csproj", "{F942BC18-829B-434A-B6A9-A7FEE6C0DBF8}"
EndProject
Project("{FAE04EC0-301F-11D3-BF4B-00C04F79EFBC}") = "ArrayEX", "..\ArrayEX\ArrayEX.csproj", "{862FF014-4FC3-4FCF-A8D1-63DED99305C1}"
EndProject
Project("{FAE04EC0-301F-11D3-BF4B-00C04F79EFBC}") = "StringEX", "..\StringEX\StringEX.csproj", "{A74E5922-DB3F-4E6A-B353-C6186F276355}"
EndProject
Project("{FAE04EC0-301F-11D3-BF4B-00C04F79EFBC}") = "BaseballEX", "..\BaseballEX\BaseballEX.csproj", "{404C465E-9F15-4A74-BB2A-9B58FDF2CEBF}"
EndProject
Project("{FAE04EC0-301F-11D3-BF4B-00C04F79EFBC}") = "TestEX", "..\TestEX\TestEX.csproj", "{1470A1E8-839E-42F7-BBE6-4FB1C7FCB97C}"
EndProject
Global
	GlobalSection(SolutionConfigurationPlatforms) = preSolution
		Debug|Any CPU = Debug|Any CPU
		Release|Any CPU = Release|Any CPU
	EndGlobalSection
	GlobalSection(ProjectConfigurationPlatforms) = postSolution
		{E25C0770-D6FD-4896-A687-44341B819C6E}.Debug|Any CPU.ActiveCfg = Debug|Any CPU
		{E25C0770-D6FD-4896-A687-44341B819C6E}.Debug|Any CPU.Build.0 = Debug|Any CPU
		{E25C0770-D6FD-4896-A687-44341B819C6E}.Release|Any CPU.ActiveCfg = Release|Any CPU
		{E25C0770-D6FD-4896-A687-44341B819C6E}.Release|Any CPU.Build.0 = Release|Any CPU
		{A050F0E8-9979-40FC-9BBB-57E88FD6F772}.Debug|Any CPU.ActiveCfg = Debug|Any CPU
		{A050F0E8-9979-40FC-9BBB-57E88FD6F772}.Debug|Any CPU.Build.0 = Debug|Any CPU
		{A050F0E8-9979-40FC-9BBB-57E88FD6F772}.Release|Any CPU.ActiveCfg = Release|Any CPU
		{A050F0E8-9979-40FC-9BBB-57E88FD6F772}.Release|Any CPU.Build.0 = Release|Any CPU
		{F942BC18-829B-434A-B6A9-A7FEE6C0DBF8}.Debug|Any CPU.ActiveCfg = Debug|Any CPU
		{F942BC18-829B-434A-B6A9-A7FEE6C0DBF8}.Debug|Any CPU.Build.0 = Debug|Any CPU
		{F942BC18-829B-434A-B6A9-A7FEE6C0DBF8}.Release|Any CPU.ActiveCfg = Release|Any CPU
		{F942BC18-829B-434A-B6A9-A7FEE6C0DBF8}.Release|Any CPU.Build.0 = Release|Any CPU
		{862FF014-4FC3-4FCF-A8D1-63DED99305C1}.Debug|Any CPU.ActiveCfg = Debug|Any CPU
		{862FF014-4FC3-4FCF-A8D1-63DED99305C1}.Debug|Any CPU.Build.0 = Debug|Any CPU
		{862FF014-4FC3-4FCF-A8D1-63DED99305C1}.Release|Any CPU.ActiveCfg = Release|Any CPU
		{862FF014-4FC3-4FCF-A8D1-63DED99305C1}.Release|Any CPU.Build.0 = Release|Any CPU
		{A74E5922-DB3F-4E6A-B353-C6186F276355}.Debug|Any CPU.ActiveCfg = Debug|Any CPU
		{A74E5922-DB3F-4E6A-B353-C6186F276355}.Debug|Any CPU.Build.0 = Debug|Any CPU
		{A74E5922-DB3F-4E6A-B353-C6186F276355}.Release|Any CPU.ActiveCfg = Release|Any CPU
		{A74E5922-DB3F-4E6A-B353-C6186F276355}.Release|Any CPU.Build.0 = Release|Any CPU
		{404C465E-9F15-4A74-BB2A-9B58FDF2CEBF}.Debug|Any CPU.ActiveCfg = Debug|Any CPU
		{404C465E-9F15-4A74-BB2A-9B58FDF2CEBF}.Debug|Any CPU.Build.0 = Debug|Any CPU
		{404C465E-9F15-4A74-BB2A-9B58FDF2CEBF}.Release|Any CPU.ActiveCfg = Release|Any CPU
		{404C465E-9F15-4A74-BB2A-9B58FDF2CEBF}.Release|Any CPU.Build.0 = Release|Any CPU
		{1470A1E8-839E-42F7-BBE6-4FB1C7FCB97C}.Debug|Any CPU.ActiveCfg = Debug|Any CPU
		{1470A1E8-839E-42F7-BBE6-4FB1C7FCB97C}.Debug|Any CPU.Build.0 = Debug|Any CPU
		{1470A1E8-839E-42F7-BBE6-4FB1C7FCB97C}.Release|Any CPU.ActiveCfg = Release|Any CPU
		{1470A1E8-839E-42F7-BBE6-4FB1C7FCB97C}.Release|Any CPU.Build.0 = Release|Any CPU
	EndGlobalSection
	GlobalSection(SolutionProperties) = preSolution
		HideSolutionNode = FALSE
	EndGlobalSection
	GlobalSection(ExtensibilityGlobals) = postSolution
		SolutionGuid = {4C606ADA-CE46-4897-853B-629BB3922C55}
	EndGlobalSection
EndGlobal
